
Microsoft Visual Studio Solution File, Format Version 12.00
# Visual Studio 15
VisualStudioVersion = 15.0.28010.2016
MinimumVisualStudioVersion = 10.0.40219.1
Project("{8BC9CEB8-8B4A-11D0-8D11-00A0C91BC942}") = "1_DeepVsShallowCopy", "raygame\raygame.vcxproj", "{100AB646-1529-43F3-B9D1-2C0A798642FF}"
EndProject
Project("{8BC9CEB8-8B4A-11D0-8D11-00A0C91BC942}") = "3_Casting_Exercise", "Project1\Project1.vcxproj", "{DF279DE1-7334-4BAB-80D8-C4648DCC64BA}"
EndProject
Project("{8BC9CEB8-8B4A-11D0-8D11-00A0C91BC942}") = "3_Casting", "Casting\Casting.vcxproj", "{948D852E-F1A4-4629-BF33-5A359801CEF5}"
EndProject
Project("{8BC9CEB8-8B4A-11D0-8D11-00A0C91BC942}") = "2_Tiles", "Tiles\Tiles.vcxproj", "{768D2052-5185-4286-98B9-F64479EDD684}"
EndProject
Project("{8BC9CEB8-8B4A-11D0-8D11-00A0C91BC942}") = "4_Inheritance", "Inheritance\Inheritance.vcxproj", "{C94063DC-7368-45BE-BAE5-CF0F1CDF9A5E}"
EndProject
Project("{8BC9CEB8-8B4A-11D0-8D11-00A0C91BC942}") = "6_Polymorphism_STL", "Polymorphism\Polymorphism.vcxproj", "{190DD589-6155-4C74-9D65-3C87FB20C6D4}"
EndProject
Project("{8BC9CEB8-8B4A-11D0-8D11-00A0C91BC942}") = "5_Templates", "Templates\Templates.vcxproj", "{79AC1803-6F2E-45E8-98F7-C31B086284E5}"
EndProject
Project("{8BC9CEB8-8B4A-11D0-8D11-00A0C91BC942}") = "7_ConstantsAndTypedef", "ConstantsAndTypedef\ConstantsAndTypedef.vcxproj", "{E568B720-06ED-4967-A2D6-F02A272782DB}"
EndProject
Project("{8BC9CEB8-8B4A-11D0-8D11-00A0C91BC942}") = "8_DynamicArrays", "DynamicArrays\DynamicArrays.vcxproj", "{9C701378-7AF3-4025-B91F-40129E4DF909}"
EndProject
Project("{8BC9CEB8-8B4A-11D0-8D11-00A0C91BC942}") = "9_Stacks", "9_Stacks\9_Stacks.vcxproj", "{82A35EF7-446B-420C-8669-8FAD1461262F}"
EndProject
Project("{8BC9CEB8-8B4A-11D0-8D11-00A0C91BC942}") = "10_Queues", "10_Queued\10_Queued.vcxproj", "{F6610ED8-0B69-43CB-AC12-671224D41046}"
EndProject
Project("{8BC9CEB8-8B4A-11D0-8D11-00A0C91BC942}") = "11_LinkedLists", "11_LinkedLists\11_LinkedLists.vcxproj", "{8D9CA015-0F13-437A-ABAF-1B47B9671641}"
EndProject
Project("{8BC9CEB8-8B4A-11D0-8D11-00A0C91BC942}") = "12_Sorting", "12_Sorting\12_Sorting.vcxproj", "{68E7D44A-13AE-40D5-9B5B-55ACACE7E29E}"
EndProject
Project("{8BC9CEB8-8B4A-11D0-8D11-00A0C91BC942}") = "Assessable1", "Assessable1\Assessable1.vcxproj", "{05028452-0E04-4CB2-B972-0B5CBEFA30C1}"
EndProject
Global
	GlobalSection(SolutionConfigurationPlatforms) = preSolution
		Debug|x64 = Debug|x64
		Debug|x86 = Debug|x86
		Release|x64 = Release|x64
		Release|x86 = Release|x86
	EndGlobalSection
	GlobalSection(ProjectConfigurationPlatforms) = postSolution
		{100AB646-1529-43F3-B9D1-2C0A798642FF}.Debug|x64.ActiveCfg = Debug|x64
		{100AB646-1529-43F3-B9D1-2C0A798642FF}.Debug|x64.Build.0 = Debug|x64
		{100AB646-1529-43F3-B9D1-2C0A798642FF}.Debug|x86.ActiveCfg = Debug|Win32
		{100AB646-1529-43F3-B9D1-2C0A798642FF}.Debug|x86.Build.0 = Debug|Win32
		{100AB646-1529-43F3-B9D1-2C0A798642FF}.Release|x64.ActiveCfg = Release|x64
		{100AB646-1529-43F3-B9D1-2C0A798642FF}.Release|x64.Build.0 = Release|x64
		{100AB646-1529-43F3-B9D1-2C0A798642FF}.Release|x86.ActiveCfg = Release|Win32
		{100AB646-1529-43F3-B9D1-2C0A798642FF}.Release|x86.Build.0 = Release|Win32
		{DF279DE1-7334-4BAB-80D8-C4648DCC64BA}.Debug|x64.ActiveCfg = Debug|x64
		{DF279DE1-7334-4BAB-80D8-C4648DCC64BA}.Debug|x64.Build.0 = Debug|x64
		{DF279DE1-7334-4BAB-80D8-C4648DCC64BA}.Debug|x86.ActiveCfg = Debug|Win32
		{DF279DE1-7334-4BAB-80D8-C4648DCC64BA}.Debug|x86.Build.0 = Debug|Win32
		{DF279DE1-7334-4BAB-80D8-C4648DCC64BA}.Release|x64.ActiveCfg = Release|x64
		{DF279DE1-7334-4BAB-80D8-C4648DCC64BA}.Release|x64.Build.0 = Release|x64
		{DF279DE1-7334-4BAB-80D8-C4648DCC64BA}.Release|x86.ActiveCfg = Release|Win32
		{DF279DE1-7334-4BAB-80D8-C4648DCC64BA}.Release|x86.Build.0 = Release|Win32
		{948D852E-F1A4-4629-BF33-5A359801CEF5}.Debug|x64.ActiveCfg = Debug|x64
		{948D852E-F1A4-4629-BF33-5A359801CEF5}.Debug|x64.Build.0 = Debug|x64
		{948D852E-F1A4-4629-BF33-5A359801CEF5}.Debug|x86.ActiveCfg = Debug|Win32
		{948D852E-F1A4-4629-BF33-5A359801CEF5}.Debug|x86.Build.0 = Debug|Win32
		{948D852E-F1A4-4629-BF33-5A359801CEF5}.Release|x64.ActiveCfg = Release|x64
		{948D852E-F1A4-4629-BF33-5A359801CEF5}.Release|x64.Build.0 = Release|x64
		{948D852E-F1A4-4629-BF33-5A359801CEF5}.Release|x86.ActiveCfg = Release|Win32
		{948D852E-F1A4-4629-BF33-5A359801CEF5}.Release|x86.Build.0 = Release|Win32
		{768D2052-5185-4286-98B9-F64479EDD684}.Debug|x64.ActiveCfg = Debug|x64
		{768D2052-5185-4286-98B9-F64479EDD684}.Debug|x64.Build.0 = Debug|x64
		{768D2052-5185-4286-98B9-F64479EDD684}.Debug|x86.ActiveCfg = Debug|Win32
		{768D2052-5185-4286-98B9-F64479EDD684}.Debug|x86.Build.0 = Debug|Win32
		{768D2052-5185-4286-98B9-F64479EDD684}.Release|x64.ActiveCfg = Release|x64
		{768D2052-5185-4286-98B9-F64479EDD684}.Release|x64.Build.0 = Release|x64
		{768D2052-5185-4286-98B9-F64479EDD684}.Release|x86.ActiveCfg = Release|Win32
		{768D2052-5185-4286-98B9-F64479EDD684}.Release|x86.Build.0 = Release|Win32
		{C94063DC-7368-45BE-BAE5-CF0F1CDF9A5E}.Debug|x64.ActiveCfg = Debug|x64
		{C94063DC-7368-45BE-BAE5-CF0F1CDF9A5E}.Debug|x64.Build.0 = Debug|x64
		{C94063DC-7368-45BE-BAE5-CF0F1CDF9A5E}.Debug|x86.ActiveCfg = Debug|Win32
		{C94063DC-7368-45BE-BAE5-CF0F1CDF9A5E}.Debug|x86.Build.0 = Debug|Win32
		{C94063DC-7368-45BE-BAE5-CF0F1CDF9A5E}.Release|x64.ActiveCfg = Release|x64
		{C94063DC-7368-45BE-BAE5-CF0F1CDF9A5E}.Release|x64.Build.0 = Release|x64
		{C94063DC-7368-45BE-BAE5-CF0F1CDF9A5E}.Release|x86.ActiveCfg = Release|Win32
		{C94063DC-7368-45BE-BAE5-CF0F1CDF9A5E}.Release|x86.Build.0 = Release|Win32
		{190DD589-6155-4C74-9D65-3C87FB20C6D4}.Debug|x64.ActiveCfg = Debug|x64
		{190DD589-6155-4C74-9D65-3C87FB20C6D4}.Debug|x64.Build.0 = Debug|x64
		{190DD589-6155-4C74-9D65-3C87FB20C6D4}.Debug|x86.ActiveCfg = Debug|Win32
		{190DD589-6155-4C74-9D65-3C87FB20C6D4}.Debug|x86.Build.0 = Debug|Win32
		{190DD589-6155-4C74-9D65-3C87FB20C6D4}.Release|x64.ActiveCfg = Release|x64
		{190DD589-6155-4C74-9D65-3C87FB20C6D4}.Release|x64.Build.0 = Release|x64
		{190DD589-6155-4C74-9D65-3C87FB20C6D4}.Release|x86.ActiveCfg = Release|Win32
		{190DD589-6155-4C74-9D65-3C87FB20C6D4}.Release|x86.Build.0 = Release|Win32
		{79AC1803-6F2E-45E8-98F7-C31B086284E5}.Debug|x64.ActiveCfg = Debug|x64
		{79AC1803-6F2E-45E8-98F7-C31B086284E5}.Debug|x64.Build.0 = Debug|x64
		{79AC1803-6F2E-45E8-98F7-C31B086284E5}.Debug|x86.ActiveCfg = Debug|Win32
		{79AC1803-6F2E-45E8-98F7-C31B086284E5}.Debug|x86.Build.0 = Debug|Win32
		{79AC1803-6F2E-45E8-98F7-C31B086284E5}.Release|x64.ActiveCfg = Release|x64
		{79AC1803-6F2E-45E8-98F7-C31B086284E5}.Release|x64.Build.0 = Release|x64
		{79AC1803-6F2E-45E8-98F7-C31B086284E5}.Release|x86.ActiveCfg = Release|Win32
		{79AC1803-6F2E-45E8-98F7-C31B086284E5}.Release|x86.Build.0 = Release|Win32
		{E568B720-06ED-4967-A2D6-F02A272782DB}.Debug|x64.ActiveCfg = Debug|x64
		{E568B720-06ED-4967-A2D6-F02A272782DB}.Debug|x64.Build.0 = Debug|x64
		{E568B720-06ED-4967-A2D6-F02A272782DB}.Debug|x86.ActiveCfg = Debug|Win32
		{E568B720-06ED-4967-A2D6-F02A272782DB}.Debug|x86.Build.0 = Debug|Win32
		{E568B720-06ED-4967-A2D6-F02A272782DB}.Release|x64.ActiveCfg = Release|x64
		{E568B720-06ED-4967-A2D6-F02A272782DB}.Release|x64.Build.0 = Release|x64
		{E568B720-06ED-4967-A2D6-F02A272782DB}.Release|x86.ActiveCfg = Release|Win32
		{E568B720-06ED-4967-A2D6-F02A272782DB}.Release|x86.Build.0 = Release|Win32
		{9C701378-7AF3-4025-B91F-40129E4DF909}.Debug|x64.ActiveCfg = Debug|x64
		{9C701378-7AF3-4025-B91F-40129E4DF909}.Debug|x64.Build.0 = Debug|x64
		{9C701378-7AF3-4025-B91F-40129E4DF909}.Debug|x86.ActiveCfg = Debug|Win32
		{9C701378-7AF3-4025-B91F-40129E4DF909}.Debug|x86.Build.0 = Debug|Win32
		{9C701378-7AF3-4025-B91F-40129E4DF909}.Release|x64.ActiveCfg = Release|x64
		{9C701378-7AF3-4025-B91F-40129E4DF909}.Release|x64.Build.0 = Release|x64
		{9C701378-7AF3-4025-B91F-40129E4DF909}.Release|x86.ActiveCfg = Release|Win32
		{9C701378-7AF3-4025-B91F-40129E4DF909}.Release|x86.Build.0 = Release|Win32
		{82A35EF7-446B-420C-8669-8FAD1461262F}.Debug|x64.ActiveCfg = Debug|x64
		{82A35EF7-446B-420C-8669-8FAD1461262F}.Debug|x64.Build.0 = Debug|x64
		{82A35EF7-446B-420C-8669-8FAD1461262F}.Debug|x86.ActiveCfg = Debug|Win32
		{82A35EF7-446B-420C-8669-8FAD1461262F}.Debug|x86.Build.0 = Debug|Win32
		{82A35EF7-446B-420C-8669-8FAD1461262F}.Release|x64.ActiveCfg = Release|x64
		{82A35EF7-446B-420C-8669-8FAD1461262F}.Release|x64.Build.0 = Release|x64
		{82A35EF7-446B-420C-8669-8FAD1461262F}.Release|x86.ActiveCfg = Release|Win32
		{82A35EF7-446B-420C-8669-8FAD1461262F}.Release|x86.Build.0 = Release|Win32
		{F6610ED8-0B69-43CB-AC12-671224D41046}.Debug|x64.ActiveCfg = Debug|x64
		{F6610ED8-0B69-43CB-AC12-671224D41046}.Debug|x64.Build.0 = Debug|x64
		{F6610ED8-0B69-43CB-AC12-671224D41046}.Debug|x86.ActiveCfg = Debug|Win32
		{F6610ED8-0B69-43CB-AC12-671224D41046}.Debug|x86.Build.0 = Debug|Win32
		{F6610ED8-0B69-43CB-AC12-671224D41046}.Release|x64.ActiveCfg = Release|x64
		{F6610ED8-0B69-43CB-AC12-671224D41046}.Release|x64.Build.0 = Release|x64
		{F6610ED8-0B69-43CB-AC12-671224D41046}.Release|x86.ActiveCfg = Release|Win32
		{F6610ED8-0B69-43CB-AC12-671224D41046}.Release|x86.Build.0 = Release|Win32
		{8D9CA015-0F13-437A-ABAF-1B47B9671641}.Debug|x64.ActiveCfg = Debug|x64
		{8D9CA015-0F13-437A-ABAF-1B47B9671641}.Debug|x64.Build.0 = Debug|x64
		{8D9CA015-0F13-437A-ABAF-1B47B9671641}.Debug|x86.ActiveCfg = Debug|Win32
		{8D9CA015-0F13-437A-ABAF-1B47B9671641}.Debug|x86.Build.0 = Debug|Win32
		{8D9CA015-0F13-437A-ABAF-1B47B9671641}.Release|x64.ActiveCfg = Release|x64
		{8D9CA015-0F13-437A-ABAF-1B47B9671641}.Release|x64.Build.0 = Release|x64
		{8D9CA015-0F13-437A-ABAF-1B47B9671641}.Release|x86.ActiveCfg = Release|Win32
		{8D9CA015-0F13-437A-ABAF-1B47B9671641}.Release|x86.Build.0 = Release|Win32
		{68E7D44A-13AE-40D5-9B5B-55ACACE7E29E}.Debug|x64.ActiveCfg = Debug|x64
		{68E7D44A-13AE-40D5-9B5B-55ACACE7E29E}.Debug|x64.Build.0 = Debug|x64
		{68E7D44A-13AE-40D5-9B5B-55ACACE7E29E}.Debug|x86.ActiveCfg = Debug|Win32
		{68E7D44A-13AE-40D5-9B5B-55ACACE7E29E}.Debug|x86.Build.0 = Debug|Win32
		{68E7D44A-13AE-40D5-9B5B-55ACACE7E29E}.Release|x64.ActiveCfg = Release|x64
		{68E7D44A-13AE-40D5-9B5B-55ACACE7E29E}.Release|x64.Build.0 = Release|x64
		{68E7D44A-13AE-40D5-9B5B-55ACACE7E29E}.Release|x86.ActiveCfg = Release|Win32
		{68E7D44A-13AE-40D5-9B5B-55ACACE7E29E}.Release|x86.Build.0 = Release|Win32
		{05028452-0E04-4CB2-B972-0B5CBEFA30C1}.Debug|x64.ActiveCfg = Debug|x64
		{05028452-0E04-4CB2-B972-0B5CBEFA30C1}.Debug|x64.Build.0 = Debug|x64
		{05028452-0E04-4CB2-B972-0B5CBEFA30C1}.Debug|x86.ActiveCfg = Debug|Win32
		{05028452-0E04-4CB2-B972-0B5CBEFA30C1}.Debug|x86.Build.0 = Debug|Win32
		{05028452-0E04-4CB2-B972-0B5CBEFA30C1}.Release|x64.ActiveCfg = Release|x64
		{05028452-0E04-4CB2-B972-0B5CBEFA30C1}.Release|x64.Build.0 = Release|x64
		{05028452-0E04-4CB2-B972-0B5CBEFA30C1}.Release|x86.ActiveCfg = Release|Win32
		{05028452-0E04-4CB2-B972-0B5CBEFA30C1}.Release|x86.Build.0 = Release|Win32
	EndGlobalSection
	GlobalSection(SolutionProperties) = preSolution
		HideSolutionNode = FALSE
	EndGlobalSection
	GlobalSection(ExtensibilityGlobals) = postSolution
		SolutionGuid = {2B7D185B-8DCA-4523-AF9D-1D81DEF37C04}
	EndGlobalSection
EndGlobal
